lockfileVersion: 5.4

specifiers:
  antd: ^4.16.8
  bluebird: ^3.7.2
  chalk: ^4.1.1
  commander: ^8.0.0
  fs-extra: ^10.0.0

dependencies:
  antd: registry.npmmirror.com/antd/4.20.6
  bluebird: registry.npmmirror.com/bluebird/3.7.2
  chalk: registry.npmmirror.com/chalk/4.1.2
  commander: registry.npmmirror.com/commander/8.3.0
  fs-extra: registry.npmmirror.com/fs-extra/10.1.0

packages:

  registry.npmmirror.com/@ant-design/colors/6.0.0:
    resolution: {integrity: sha512-qAZRvPzfdWHtfameEGP2Qvuf838NhergR35o+EuVyB5XvSA98xod5r4utvi4TJ3ywmevm290g9nsCG5MryrdWQ==, registry: http://registry.npm.taobao.org/, tarball: https://registry.npmmirror.com/@ant-design/colors/-/colors-6.0.0.tgz}
    name: '@ant-design/colors'
    version: 6.0.0
    dependencies:
      '@ctrl/tinycolor': registry.npmmirror.com/@ctrl/tinycolor/3.4.1
    dev: false

  registry.npmmirror.com/@ant-design/icons-svg/4.2.1:
    resolution: {integrity: sha512-EB0iwlKDGpG93hW8f85CTJTs4SvMX7tt5ceupvhALp1IF44SeUFOMhKUOYqpsoYWQKAOuTRDMqn75rEaKDp0Xw==, registry: http://registry.npm.taobao.org/, tarball: https://registry.npmmirror.com/@ant-design/icons-svg/-/icons-svg-4.2.1.tgz}
    name: '@ant-design/icons-svg'
    version: 4.2.1
    dev: false

  registry.npmmirror.com/@ant-design/icons/4.7.0:
    resolution: {integrity: sha512-aoB4Z7JA431rt6d4u+8xcNPPCrdufSRMUOpxa1ab6mz1JCQZOEVolj2WVs/tDFmN62zzK30mNelEsprLYsSF3g==, registry: http://registry.npm.taobao.org/, tarball: https://registry.npmmirror.com/@ant-design/icons/-/icons-4.7.0.tgz}
    name: '@ant-design/icons'
    version: 4.7.0
    engines: {node: '>=8'}
    peerDependencies:
      react: '>=16.0.0'
      react-dom: '>=16.0.0'
    dependencies:
      '@ant-design/colors': registry.npmmirror.com/@ant-design/colors/6.0.0
      '@ant-design/icons-svg': registry.npmmirror.com/@ant-design/icons-svg/4.2.1
      '@babel/runtime': registry.npmmirror.com/@babel/runtime/7.18.3
      classnames: registry.npmmirror.com/classnames/2.3.1
      rc-util: registry.npmmirror.com/rc-util/5.21.5
    dev: false

  registry.npmmirror.com/@ant-design/react-slick/0.28.4:
    resolution: {integrity: sha512-j9eAHTn7GxbXUFNknJoHS2ceAsqrQi2j8XykjZE1IXCD8kJF+t28EvhBLniDpbOsBk/3kjalnhriTfZcjBHNqg==, registry: http://registry.npm.taobao.org/, tarball: https://registry.npmmirror.com/@ant-design/react-slick/-/react-slick-0.28.4.tgz}
    name: '@ant-design/react-slick'
    version: 0.28.4
    peerDependencies:
      react: '>=16.9.0'
    dependencies:
      '@babel/runtime': registry.npmmirror.com/@babel/runtime/7.18.3
      classnames: registry.npmmirror.com/classnames/2.3.1
      json2mq: registry.npmmirror.com/json2mq/0.2.0
      lodash: registry.npmmirror.com/lodash/4.17.21
      resize-observer-polyfill: registry.npmmirror.com/resize-observer-polyfill/1.5.1
    dev: false

  registry.npmmirror.com/@babel/runtime/7.18.3:
    resolution: {integrity: sha512-38Y8f7YUhce/K7RMwTp7m0uCumpv9hZkitCbBClqQIow1qSbCvGkcegKOXpEWCQLfWmevgRiWokZ1GkpfhbZug==, registry: http://registry.npm.taobao.org/, tarball: https://registry.npmmirror.com/@babel/runtime/-/runtime-7.18.3.tgz}
    name: '@babel/runtime'
    version: 7.18.3
    engines: {node: '>=6.9.0'}
    dependencies:
      regenerator-runtime: registry.npmmirror.com/regenerator-runtime/0.13.9
    dev: false

  registry.npmmirror.com/@ctrl/tinycolor/3.4.1:
    resolution: {integrity: sha512-ej5oVy6lykXsvieQtqZxCOaLT+xD4+QNarq78cIYISHmZXshCvROLudpQN3lfL8G0NL7plMSSK+zlyvCaIJ4Iw==, registry: http://registry.npm.taobao.org/, tarball: https://registry.npmmirror.com/@ctrl/tinycolor/-/tinycolor-3.4.1.tgz}
    name: '@ctrl/tinycolor'
    version: 3.4.1
    engines: {node: '>=10'}
    dev: false

  registry.npmmirror.com/@types/qs/6.9.7:
    resolution: {integrity: sha512-FGa1F62FT09qcrueBA6qYTrJPVDzah9a+493+o2PCXsesWHIn27G98TsSMs3WPNbZIEj4+VJf6saSFpvD+3Zsw==, registry: http://registry.npm.taobao.org/, tarball: https://registry.npmmirror.com/@types/qs/-/qs-6.9.7.tgz}
    name: '@types/qs'
    version: 6.9.7
    dev: false

  registry.npmmirror.com/ansi-styles/4.3.0:
    resolution: {integrity: sha512-zbB9rCJAT1rbjiVDb2hqKFHNYLxgtk8NURxZ3IZwD3F6NtxbXZQCnnSi1Lkx+IDohdPlFp222wVALIheZJQSEg==, registry: http://registry.npm.taobao.org/, tarball: https://registry.npmmirror.com/ansi-styles/-/ansi-styles-4.3.0.tgz}
    name: ansi-styles
    version: 4.3.0
    engines: {node: '>=8'}
    dependencies:
      color-convert: registry.npmmirror.com/color-convert/2.0.1
    dev: false

  registry.npmmirror.com/antd/4.20.6:
    resolution: {integrity: sha512-JHEwCDjWTAJ1yxlC5QPb7LhRMvdhccN5lzMYDs72sp6VOiaXVGAlwols+F8nQQRaF9h/eA6yQyZ622y8b9vaoQ==, registry: http://registry.npm.taobao.org/, tarball: https://registry.npmmirror.com/antd/-/antd-4.20.6.tgz}
    name: antd
    version: 4.20.6
    peerDependencies:
      react: '>=16.9.0'
      react-dom: '>=16.9.0'
    dependencies:
      '@ant-design/colors': registry.npmmirror.com/@ant-design/colors/6.0.0
      '@ant-design/icons': registry.npmmirror.com/@ant-design/icons/4.7.0
      '@ant-design/react-slick': registry.npmmirror.com/@ant-design/react-slick/0.28.4
      '@babel/runtime': registry.npmmirror.com/@babel/runtime/7.18.3
      '@ctrl/tinycolor': registry.npmmirror.com/@ctrl/tinycolor/3.4.1
      '@types/qs': registry.npmmirror.com/@types/qs/6.9.7
      classnames: registry.npmmirror.com/classnames/2.3.1
      copy-to-clipboard: registry.npmmirror.com/copy-to-clipboard/3.3.1
      lodash: registry.npmmirror.com/lodash/4.17.21
      memoize-one: registry.npmmirror.com/memoize-one/6.0.0
      moment: registry.npmmirror.com/moment/2.29.3
      rc-cascader: registry.npmmirror.com/rc-cascader/3.5.0
      rc-checkbox: registry.npmmirror.com/rc-checkbox/2.3.2
      rc-collapse: registry.npmmirror.com/rc-collapse/3.1.4
      rc-dialog: registry.npmmirror.com/rc-dialog/8.8.1
      rc-drawer: registry.npmmirror.com/rc-drawer/4.4.3
      rc-dropdown: registry.npmmirror.com/rc-dropdown/3.5.2
      rc-field-form: registry.npmmirror.com/rc-field-form/1.26.6
      rc-image: registry.npmmirror.com/rc-image/5.6.2
      rc-input: registry.npmmirror.com/rc-input/0.0.1-alpha.7
      rc-input-number: registry.npmmirror.com/rc-input-number/7.3.4
      rc-mentions: registry.npmmirror.com/rc-mentions/1.7.1
      rc-menu: registry.npmmirror.com/rc-menu/9.5.5
      rc-motion: registry.npmmirror.com/rc-motion/2.6.0
      rc-notification: registry.npmmirror.com/rc-notification/4.6.0
      rc-pagination: registry.npmmirror.com/rc-pagination/3.1.16
      rc-picker: registry.npmmirror.com/rc-picker/2.6.9
      rc-progress: registry.npmmirror.com/rc-progress/3.2.4
      rc-rate: registry.npmmirror.com/rc-rate/2.9.2
      rc-resize-observer: registry.npmmirror.com/rc-resize-observer/1.2.0
      rc-segmented: registry.npmmirror.com/rc-segmented/2.1.0
      rc-select: registry.npmmirror.com/rc-select/14.1.4
      rc-slider: registry.npmmirror.com/rc-slider/10.0.0
      rc-steps: registry.npmmirror.com/rc-steps/4.1.4
      rc-switch: registry.npmmirror.com/rc-switch/3.2.2
      rc-table: registry.npmmirror.com/rc-table/7.24.2
      rc-tabs: registry.npmmirror.com/rc-tabs/11.13.0
      rc-textarea: registry.npmmirror.com/rc-textarea/0.3.7
      rc-tooltip: registry.npmmirror.com/rc-tooltip/5.1.1
      rc-tree: registry.npmmirror.com/rc-tree/5.5.0
      rc-tree-select: registry.npmmirror.com/rc-tree-select/5.3.0
      rc-trigger: registry.npmmirror.com/rc-trigger/5.3.1
      rc-upload: registry.npmmirror.com/rc-upload/4.3.4
      rc-util: registry.npmmirror.com/rc-util/5.21.5
      scroll-into-view-if-needed: registry.npmmirror.com/scroll-into-view-if-needed/2.2.29
    dev: false

  registry.npmmirror.com/array-tree-filter/2.1.0:
    resolution: {integrity: sha512-4ROwICNlNw/Hqa9v+rk5h22KjmzB1JGTMVKP2AKJBOCgb0yL0ASf0+YvCcLNNwquOHNX48jkeZIJ3a+oOQqKcw==, registry: http://registry.npm.taobao.org/, tarball: https://registry.npmmirror.com/array-tree-filter/-/array-tree-filter-2.1.0.tgz}
    name: array-tree-filter
    version: 2.1.0
    dev: false

  registry.npmmirror.com/async-validator/4.1.1:
    resolution: {integrity: sha512-p4DO/JXwjs8klJyJL8Q2oM4ks5fUTze/h5k10oPPKMiLe1fj3G1QMzPHNmN1Py4ycOk7WlO2DcGXv1qiESJCZA==, registry: http://registry.npm.taobao.org/, tarball: https://registry.npmmirror.com/async-validator/-/async-validator-4.1.1.tgz}
    name: async-validator
    version: 4.1.1
    dev: false

  registry.npmmirror.com/bluebird/3.7.2:
    resolution: {integrity: sha512-XpNj6GDQzdfW+r2Wnn7xiSAd7TM3jzkxGXBGTtWKuSXv1xUV+azxAm8jdWZN06QTQk+2N2XB9jRDkvbmQmcRtg==, registry: http://registry.npm.taobao.org/, tarball: https://registry.npmmirror.com/bluebird/-/bluebird-3.7.2.tgz}
    name: bluebird
    version: 3.7.2
    dev: false

  registry.npmmirror.com/chalk/4.1.2:
    resolution: {integrity: sha512-oKnbhFyRIXpUuez8iBMmyEa4nbj4IOQyuhc/wy9kY7/WVPcwIO9VA668Pu8RkO7+0G76SLROeyw9CpQ061i4mA==, registry: http://registry.npm.taobao.org/, tarball: https://registry.npmmirror.com/chalk/-/chalk-4.1.2.tgz}
    name: chalk
    version: 4.1.2
    engines: {node: '>=10'}
    dependencies:
      ansi-styles: registry.npmmirror.com/ansi-styles/4.3.0
      supports-color: registry.npmmirror.com/supports-color/7.2.0
    dev: false

  registry.npmmirror.com/classnames/2.3.1:
    resolution: {integrity: sha512-OlQdbZ7gLfGarSqxesMesDa5uz7KFbID8Kpq/SxIoNGDqY8lSYs0D+hhtBXhcdB3rcbXArFr7vlHheLk1voeNA==, registry: http://registry.npm.taobao.org/, tarball: https://registry.npmmirror.com/classnames/-/classnames-2.3.1.tgz}
    name: classnames
    version: 2.3.1
    dev: false

  registry.npmmirror.com/color-convert/2.0.1:
    resolution: {integrity: sha512-RRECPsj7iu/xb5oKYcsFHSppFNnsj/52OVTRKb4zP5onXwVF3zVmmToNcOfGC+CRDpfK/U584fMg38ZHCaElKQ==, registry: http://registry.npm.taobao.org/, tarball: https://registry.npmmirror.com/color-convert/-/color-convert-2.0.1.tgz}
    name: color-convert
    version: 2.0.1
    engines: {node: '>=7.0.0'}
    dependencies:
      color-name: registry.npmmirror.com/color-name/1.1.4
    dev: false

  registry.npmmirror.com/color-name/1.1.4:
    resolution: {integrity: sha512-dOy+3AuW3a2wNbZHIuMZpTcgjGuLU/uBL/ubcZF9OXbDo8ff4O8yVp5Bf0efS8uEoYo5q4Fx7dY9OgQGXgAsQA==, registry: http://registry.npm.taobao.org/, tarball: https://registry.npmmirror.com/color-name/-/color-name-1.1.4.tgz}
    name: color-name
    version: 1.1.4
    dev: false

  registry.npmmirror.com/commander/8.3.0:
    resolution: {integrity: sha512-OkTL9umf+He2DZkUq8f8J9of7yL6RJKI24dVITBmNfZBmri9zYZQrKkuXiKhyfPSu8tUhnVBB1iKXevvnlR4Ww==, registry: http://registry.npm.taobao.org/, tarball: https://registry.npmmirror.com/commander/-/commander-8.3.0.tgz}
    name: commander
    version: 8.3.0
    engines: {node: '>= 12'}
    dev: false

  registry.npmmirror.com/compute-scroll-into-view/1.0.17:
    resolution: {integrity: sha512-j4dx+Fb0URmzbwwMUrhqWM2BEWHdFGx+qZ9qqASHRPqvTYdqvWnHg0H1hIbcyLnvgnoNAVMlwkepyqM3DaIFUg==, registry: http://registry.npm.taobao.org/, tarball: https://registry.npmmirror.com/compute-scroll-into-view/-/compute-scroll-into-view-1.0.17.tgz}
    name: compute-scroll-into-view
    version: 1.0.17
    dev: false

  registry.npmmirror.com/copy-to-clipboard/3.3.1:
    resolution: {integrity: sha512-i13qo6kIHTTpCm8/Wup+0b1mVWETvu2kIMzKoK8FpkLkFxlt0znUAHcMzox+T8sPlqtZXq3CulEjQHsYiGFJUw==, registry: http://registry.npm.taobao.org/, tarball: https://registry.npmmirror.com/copy-to-clipboard/-/copy-to-clipboard-3.3.1.tgz}
    name: copy-to-clipboard
    version: 3.3.1
    dependencies:
      toggle-selection: registry.npmmirror.com/toggle-selection/1.0.6
    dev: false

  registry.npmmirror.com/date-fns/2.28.0:
    resolution: {integrity: sha512-8d35hViGYx/QH0icHYCeLmsLmMUheMmTyV9Fcm6gvNwdw31yXXH+O85sOBJ+OLnLQMKZowvpKb6FgMIQjcpvQw==, registry: http://registry.npm.taobao.org/, tarball: https://registry.npmmirror.com/date-fns/-/date-fns-2.28.0.tgz}
    name: date-fns
    version: 2.28.0
    engines: {node: '>=0.11'}
    dev: false

  registry.npmmirror.com/dayjs/1.11.2:
    resolution: {integrity: sha512-F4LXf1OeU9hrSYRPTTj/6FbO4HTjPKXvEIC1P2kcnFurViINCVk3ZV0xAS3XVx9MkMsXbbqlK6hjseaYbgKEHw==, registry: http://registry.npm.taobao.org/, tarball: https://registry.npmmirror.com/dayjs/-/dayjs-1.11.2.tgz}
    name: dayjs
    version: 1.11.2
    dev: false

  registry.npmmirror.com/dom-align/1.12.3:
    resolution: {integrity: sha512-Gj9hZN3a07cbR6zviMUBOMPdWxYhbMI+x+WS0NAIu2zFZmbK8ys9R79g+iG9qLnlCwpFoaB+fKy8Pdv470GsPA==, registry: http://registry.npm.taobao.org/, tarball: https://registry.npmmirror.com/dom-align/-/dom-align-1.12.3.tgz}
    name: dom-align
    version: 1.12.3
    dev: false

  registry.npmmirror.com/fs-extra/10.1.0:
    resolution: {integrity: sha512-oRXApq54ETRj4eMiFzGnHWGy+zo5raudjuxN0b8H7s/RU2oW0Wvsx9O0ACRN/kRq9E8Vu/ReskGB5o3ji+FzHQ==, registry: http://registry.npm.taobao.org/, tarball: https://registry.npmmirror.com/fs-extra/-/fs-extra-10.1.0.tgz}
    name: fs-extra
    version: 10.1.0
    engines: {node: '>=12'}
    dependencies:
      graceful-fs: registry.npmmirror.com/graceful-fs/4.2.10
      jsonfile: registry.npmmirror.com/jsonfile/6.1.0
      universalify: registry.npmmirror.com/universalify/2.0.0
    dev: false

  registry.npmmirror.com/graceful-fs/4.2.10:
    resolution: {integrity: sha512-9ByhssR2fPVsNZj478qUUbKfmL0+t5BDVyjShtyZZLiK7ZDAArFFfopyOTj0M05wE2tJPisA4iTnnXl2YoPvOA==, registry: http://registry.npm.taobao.org/, tarball: https://registry.npmmirror.com/graceful-fs/-/graceful-fs-4.2.10.tgz}
    name: graceful-fs
    version: 4.2.10
    dev: false

  registry.npmmirror.com/has-flag/4.0.0:
    resolution: {integrity: sha512-EykJT/Q1KjTWctppgIAgfSO0tKVuZUjhgMr17kqTumMl6Afv3EISleU7qZUzoXDFTAHTDC4NOoG/ZxU3EvlMPQ==, registry: http://registry.npm.taobao.org/, tarball: https://registry.npmmirror.com/has-flag/-/has-flag-4.0.0.tgz}
    name: has-flag
    version: 4.0.0
    engines: {node: '>=8'}
    dev: false

  registry.npmmirror.com/json2mq/0.2.0:
    resolution: {integrity: sha512-SzoRg7ux5DWTII9J2qkrZrqV1gt+rTaoufMxEzXbS26Uid0NwaJd123HcoB80TgubEppxxIGdNxCx50fEoEWQA==, registry: http://registry.npm.taobao.org/, tarball: https://registry.npmmirror.com/json2mq/-/json2mq-0.2.0.tgz}
    name: json2mq
    version: 0.2.0
    dependencies:
      string-convert: registry.npmmirror.com/string-convert/0.2.1
    dev: false

  registry.npmmirror.com/jsonfile/6.1.0:
    resolution: {integrity: sha512-5dgndWOriYSm5cnYaJNhalLNDKOqFwyDB/rr1E9ZsGciGvKPs8R2xYGCacuf3z6K1YKDz182fd+fY3cn3pMqXQ==, registry: http://registry.npm.taobao.org/, tarball: https://registry.npmmirror.com/jsonfile/-/jsonfile-6.1.0.tgz}
    name: jsonfile
    version: 6.1.0
    dependencies:
      universalify: registry.npmmirror.com/universalify/2.0.0
    optionalDependencies:
      graceful-fs: registry.npmmirror.com/graceful-fs/4.2.10
    dev: false

  registry.npmmirror.com/lodash/4.17.21:
    resolution: {integrity: sha512-v2kDEe57lecTulaDIuNTPy3Ry4gLGJ6Z1O3vE1krgXZNrsQ+LFTGHVxVjcXPs17LhbZVGedAJv8XZ1tvj5FvSg==, registry: http://registry.npm.taobao.org/, tarball: https://registry.npmmirror.com/lodash/-/lodash-4.17.21.tgz}
    name: lodash
    version: 4.17.21
    dev: false

  registry.npmmirror.com/memoize-one/6.0.0:
    resolution: {integrity: sha512-rkpe71W0N0c0Xz6QD0eJETuWAJGnJ9afsl1srmwPrI+yBCkge5EycXXbYRyvL29zZVUWQCY7InPRCv3GDXuZNw==, registry: http://registry.npm.taobao.org/, tarball: https://registry.npmmirror.com/memoize-one/-/memoize-one-6.0.0.tgz}
    name: memoize-one
    version: 6.0.0
    dev: false

  registry.npmmirror.com/moment/2.29.3:
    resolution: {integrity: sha512-c6YRvhEo//6T2Jz/vVtYzqBzwvPT95JBQ+smCytzf7c50oMZRsR/a4w88aD34I+/QVSfnoAnSBFPJHItlOMJVw==, registry: http://registry.npm.taobao.org/, tarball: https://registry.npmmirror.com/moment/-/moment-2.29.3.tgz}
    name: moment
    version: 2.29.3
    dev: false

  registry.npmmirror.com/rc-align/4.0.12:
    resolution: {integrity: sha512-3DuwSJp8iC/dgHzwreOQl52soj40LchlfUHtgACOUtwGuoFIOVh6n/sCpfqCU8kO5+iz6qR0YKvjgB8iPdE3aQ==, registry: http://registry.npm.taobao.org/, tarball: https://registry.npmmirror.com/rc-align/-/rc-align-4.0.12.tgz}
    name: rc-align
    version: 4.0.12
    peerDependencies:
      react: '>=16.9.0'
      react-dom: '>=16.9.0'
    dependencies:
      '@babel/runtime': registry.npmmirror.com/@babel/runtime/7.18.3
      classnames: registry.npmmirror.com/classnames/2.3.1
      dom-align: registry.npmmirror.com/dom-align/1.12.3
      lodash: registry.npmmirror.com/lodash/4.17.21
      rc-util: registry.npmmirror.com/rc-util/5.21.5
      resize-observer-polyfill: registry.npmmirror.com/resize-observer-polyfill/1.5.1
    dev: false

  registry.npmmirror.com/rc-cascader/3.5.0:
    resolution: {integrity: sha512-rpXnWCfvk7Frh2dBzMoA0c7i0nn6aJU7L2NZo8R8pNkrT0sKgytQSpdtPWP+Pq8IkvwbEd8BU8Z8OnOljcqgZg==, registry: http://registry.npm.taobao.org/, tarball: https://registry.npmmirror.com/rc-cascader/-/rc-cascader-3.5.0.tgz}
    name: rc-cascader
    version: 3.5.0
    peerDependencies:
      react: '>=16.9.0'
      react-dom: '>=16.9.0'
    dependencies:
      '@babel/runtime': registry.npmmirror.com/@babel/runtime/7.18.3
      array-tree-filter: registry.npmmirror.com/array-tree-filter/2.1.0
      classnames: registry.npmmirror.com/classnames/2.3.1
      rc-select: registry.npmmirror.com/rc-select/14.1.4
      rc-tree: registry.npmmirror.com/rc-tree/5.5.0
      rc-util: registry.npmmirror.com/rc-util/5.21.5
    dev: false

  registry.npmmirror.com/rc-checkbox/2.3.2:
    resolution: {integrity: sha512-afVi1FYiGv1U0JlpNH/UaEXdh6WUJjcWokj/nUN2TgG80bfG+MDdbfHKlLcNNba94mbjy2/SXJ1HDgrOkXGAjg==, registry: http://registry.npm.taobao.org/, tarball: https://registry.npmmirror.com/rc-checkbox/-/rc-checkbox-2.3.2.tgz}
    name: rc-checkbox
    version: 2.3.2
    peerDependencies:
      react: '>=16.9.0'
      react-dom: '>=16.9.0'
    dependencies:
      '@babel/runtime': registry.npmmirror.com/@babel/runtime/7.18.3
      classnames: registry.npmmirror.com/classnames/2.3.1
    dev: false

  registry.npmmirror.com/rc-collapse/3.1.4:
    resolution: {integrity: sha512-WayrhswKMwuJab9xbqFxXTgV0m6X8uOPEO6zm/GJ5YJiJ/wIh/Dd2VtWeI06HYUEnTFv0HNcYv+zWbB+p6OD2A==, registry: http://registry.npm.taobao.org/, tarball: https://registry.npmmirror.com/rc-collapse/-/rc-collapse-3.1.4.tgz}
    name: rc-collapse
    version: 3.1.4
    peerDependencies:
      react: '>=16.9.0'
      react-dom: '>=16.9.0'
    dependencies:
      '@babel/runtime': registry.npmmirror.com/@babel/runtime/7.18.3
      classnames: registry.npmmirror.com/classnames/2.3.1
      rc-motion: registry.npmmirror.com/rc-motion/2.6.0
      rc-util: registry.npmmirror.com/rc-util/5.21.5
      shallowequal: registry.npmmirror.com/shallowequal/1.1.0
    dev: false

  registry.npmmirror.com/rc-dialog/8.8.1:
    resolution: {integrity: sha512-7M1WKZCjfIABKEaJVskdYvb80z+RX7I11PeSjPVfLOOaJAmIepvDEd0alBtOZvOL3fZFWlMs4JVZtp9LZgONxA==, registry: http://registry.npm.taobao.org/, tarball: https://registry.npmmirror.com/rc-dialog/-/rc-dialog-8.8.1.tgz}
    name: rc-dialog
    version: 8.8.1
    peerDependencies:
      react: '>=16.9.0'
      react-dom: '>=16.9.0'
    dependencies:
      '@babel/runtime': registry.npmmirror.com/@babel/runtime/7.18.3
      classnames: registry.npmmirror.com/classnames/2.3.1
      rc-motion: registry.npmmirror.com/rc-motion/2.6.0
      rc-util: registry.npmmirror.com/rc-util/5.21.5
    dev: false

  registry.npmmirror.com/rc-drawer/4.4.3:
    resolution: {integrity: sha512-FYztwRs3uXnFOIf1hLvFxIQP9MiZJA+0w+Os8dfDh/90X7z/HqP/Yg+noLCIeHEbKln1Tqelv8ymCAN24zPcfQ==, registry: http://registry.npm.taobao.org/, tarball: https://registry.npmmirror.com/rc-drawer/-/rc-drawer-4.4.3.tgz}
    name: rc-drawer
    version: 4.4.3
    peerDependencies:
      react: '>=16.9.0'
      react-dom: '>=16.9.0'
    dependencies:
      '@babel/runtime': registry.npmmirror.com/@babel/runtime/7.18.3
      classnames: registry.npmmirror.com/classnames/2.3.1
      rc-util: registry.npmmirror.com/rc-util/5.21.5
    dev: false

  registry.npmmirror.com/rc-dropdown/3.5.2:
    resolution: {integrity: sha512-Ty4LsXjkspZuFJSRx3blCLLCDicXM5qds6F1odgEa+jcjC+OJKHQGnvE4FqtoljPaqWm4wG78pbgXH6Ddh2DkA==, registry: http://registry.npm.taobao.org/, tarball: https://registry.npmmirror.com/rc-dropdown/-/rc-dropdown-3.5.2.tgz}
    name: rc-dropdown
    version: 3.5.2
    peerDependencies:
      react: '>=16.11.0'
      react-dom: '>=16.11.0'
    dependencies:
      '@babel/runtime': registry.npmmirror.com/@babel/runtime/7.18.3
      classnames: registry.npmmirror.com/classnames/2.3.1
      rc-trigger: registry.npmmirror.com/rc-trigger/5.3.1
      rc-util: registry.npmmirror.com/rc-util/5.21.5
    dev: false

  registry.npmmirror.com/rc-field-form/1.26.6:
    resolution: {integrity: sha512-N7nx/9Zk3innxZWTa4GPUV3j78OCgXacl2Lgi6agmP7ziz6BHoZYZ1djOt5UW50kK7UoVMAPtue5I1XgQO24MA==, registry: http://registry.npm.taobao.org/, tarball: https://registry.npmmirror.com/rc-field-form/-/rc-field-form-1.26.6.tgz}
    name: rc-field-form
    version: 1.26.6
    engines: {node: '>=8.x'}
    peerDependencies:
      react: '>=16.9.0'
      react-dom: '>=16.9.0'
    dependencies:
      '@babel/runtime': registry.npmmirror.com/@babel/runtime/7.18.3
      async-validator: registry.npmmirror.com/async-validator/4.1.1
      rc-util: registry.npmmirror.com/rc-util/5.21.5
    dev: false

  registry.npmmirror.com/rc-image/5.6.2:
    resolution: {integrity: sha512-qhKOVvivCZkd6CrzS/4ST2+Auu16mtPSFVqVzwE7sELWfuvzcLGTzGv8UsVvm6qRNIz6SeaueUetqi4Ii16XQA==, registry: http://registry.npm.taobao.org/, tarball: https://registry.npmmirror.com/rc-image/-/rc-image-5.6.2.tgz}
    name: rc-image
    version: 5.6.2
    peerDependencies:
      react: '>=16.9.0'
      react-dom: '>=16.9.0'
    dependencies:
      '@babel/runtime': registry.npmmirror.com/@babel/runtime/7.18.3
      classnames: registry.npmmirror.com/classnames/2.3.1
      rc-dialog: registry.npmmirror.com/rc-dialog/8.8.1
      rc-util: registry.npmmirror.com/rc-util/5.21.5
    dev: false

  registry.npmmirror.com/rc-input-number/7.3.4:
    resolution: {integrity: sha512-W9uqSzuvJUnz8H8vsVY4kx+yK51SsAxNTwr8SNH4G3XqQNocLVmKIibKFRjocnYX1RDHMND9FFbgj2h7E7nvGA==, registry: http://registry.npm.taobao.org/, tarball: https://registry.npmmirror.com/rc-input-number/-/rc-input-number-7.3.4.tgz}
    name: rc-input-number
    version: 7.3.4
    peerDependencies:
      react: '>=16.9.0'
      react-dom: '>=16.9.0'
    dependencies:
      '@babel/runtime': registry.npmmirror.com/@babel/runtime/7.18.3
      classnames: registry.npmmirror.com/classnames/2.3.1
      rc-util: registry.npmmirror.com/rc-util/5.21.5
    dev: false

  registry.npmmirror.com/rc-input/0.0.1-alpha.7:
    resolution: {integrity: sha512-eozaqpCYWSY5LBMwlHgC01GArkVEP+XlJ84OMvdkwUnJBSv83Yxa15pZpn7vACAj84uDC4xOA2CoFdbLuqB08Q==, registry: http://registry.npm.taobao.org/, tarball: https://registry.npmmirror.com/rc-input/-/rc-input-0.0.1-alpha.7.tgz}
    name: rc-input
    version: 0.0.1-alpha.7
    peerDependencies:
      react: '>=16.0.0'
      react-dom: '>=16.0.0'
    dependencies:
      '@babel/runtime': registry.npmmirror.com/@babel/runtime/7.18.3
      classnames: registry.npmmirror.com/classnames/2.3.1
      rc-util: registry.npmmirror.com/rc-util/5.21.5
    dev: false

  registry.npmmirror.com/rc-mentions/1.7.1:
    resolution: {integrity: sha512-JbCS9bTqt6BYN2vfTPythlScLuc42rIlX85n7975RnkfawXlJjskHOlR3o8EpD4asl4KuA2jKTy0dj39DtSVqg==, registry: http://registry.npm.taobao.org/, tarball: https://registry.npmmirror.com/rc-mentions/-/rc-mentions-1.7.1.tgz}
    name: rc-mentions
    version: 1.7.1
    peerDependencies:
      react: '>=16.9.0'
      react-dom: '>=16.9.0'
    dependencies:
      '@babel/runtime': registry.npmmirror.com/@babel/runtime/7.18.3
      classnames: registry.npmmirror.com/classnames/2.3.1
      rc-menu: registry.npmmirror.com/rc-menu/9.5.5
      rc-textarea: registry.npmmirror.com/rc-textarea/0.3.7
      rc-trigger: registry.npmmirror.com/rc-trigger/5.3.1
      rc-util: registry.npmmirror.com/rc-util/5.21.5
    dev: false

  registry.npmmirror.com/rc-menu/9.5.5:
    resolution: {integrity: sha512-wj2y2BAKwSMyWXO3RBf9sNN5V+DFWxFl45Ma6qQEHA5nwwh7p07bNgc6AAJc+L1+LAz+rWz3AU8PYyT17hMHCw==, registry: http://registry.npm.taobao.org/, tarball: https://registry.npmmirror.com/rc-menu/-/rc-menu-9.5.5.tgz}
    name: rc-menu
    version: 9.5.5
    peerDependencies:
      react: '>=16.9.0'
      react-dom: '>=16.9.0'
    dependencies:
      '@babel/runtime': registry.npmmirror.com/@babel/runtime/7.18.3
      classnames: registry.npmmirror.com/classnames/2.3.1
      rc-motion: registry.npmmirror.com/rc-motion/2.6.0
      rc-overflow: registry.npmmirror.com/rc-overflow/1.2.6
      rc-trigger: registry.npmmirror.com/rc-trigger/5.3.1
      rc-util: registry.npmmirror.com/rc-util/5.21.5
      shallowequal: registry.npmmirror.com/shallowequal/1.1.0
    dev: false

  registry.npmmirror.com/rc-motion/2.6.0:
    resolution: {integrity: sha512-1MDWA9+i174CZ0SIDenSYm2Wb9YbRkrexjZWR0CUFu7D6f23E8Y0KsTgk9NGOLJsGak5ELZK/Y5lOlf5wQdzbw==, registry: http://registry.npm.taobao.org/, tarball: https://registry.npmmirror.com/rc-motion/-/rc-motion-2.6.0.tgz}
    name: rc-motion
    version: 2.6.0
    peerDependencies:
      react: '>=16.9.0'
      react-dom: '>=16.9.0'
    dependencies:
      '@babel/runtime': registry.npmmirror.com/@babel/runtime/7.18.3
      classnames: registry.npmmirror.com/classnames/2.3.1
      rc-util: registry.npmmirror.com/rc-util/5.21.5
    dev: false

  registry.npmmirror.com/rc-notification/4.6.0:
    resolution: {integrity: sha512-xF3MKgIoynzjQAO4lqsoraiFo3UXNYlBfpHs0VWvwF+4pimen9/H1DYLN2mfRWhHovW6gRpla73m2nmyIqAMZQ==, registry: http://registry.npm.taobao.org/, tarball: https://registry.npmmirror.com/rc-notification/-/rc-notification-4.6.0.tgz}
    name: rc-notification
    version: 4.6.0
    engines: {node: '>=8.x'}
    peerDependencies:
      react: '>=16.9.0'
      react-dom: '>=16.9.0'
    dependencies:
      '@babel/runtime': registry.npmmirror.com/@babel/runtime/7.18.3
      classnames: registry.npmmirror.com/classnames/2.3.1
      rc-motion: registry.npmmirror.com/rc-motion/2.6.0
      rc-util: registry.npmmirror.com/rc-util/5.21.5
    dev: false

  registry.npmmirror.com/rc-overflow/1.2.6:
    resolution: {integrity: sha512-YqbocgzuQxfq2wZy72vdAgrgzzEuM/5d4gF9TBEodCpXPbUeXGrUXNm1J6G1MSkCU2N0ePIgCEu5qD/0Ldi63Q==, registry: http://registry.npm.taobao.org/, tarball: https://registry.npmmirror.com/rc-overflow/-/rc-overflow-1.2.6.tgz}
    name: rc-overflow
    version: 1.2.6
    peerDependencies:
      react: '>=16.9.0'
      react-dom: '>=16.9.0'
    dependencies:
      '@babel/runtime': registry.npmmirror.com/@babel/runtime/7.18.3
      classnames: registry.npmmirror.com/classnames/2.3.1
      rc-resize-observer: registry.npmmirror.com/rc-resize-observer/1.2.0
      rc-util: registry.npmmirror.com/rc-util/5.21.5
    dev: false

  registry.npmmirror.com/rc-pagination/3.1.16:
    resolution: {integrity: sha512-GFcHXJ7XxeJDf9B+ndP4PRDt46maSSgYhiwofBMiIGKIlBhJ0wfu8DMCEvaWJJLpI2u4Gb6zF1dHpiqPFrosPg==, registry: http://registry.npm.taobao.org/, tarball: https://registry.npmmirror.com/rc-pagination/-/rc-pagination-3.1.16.tgz}
    name: rc-pagination
    version: 3.1.16
    peerDependencies:
      react: '>=16.9.0'
      react-dom: '>=16.9.0'
    dependencies:
      '@babel/runtime': registry.npmmirror.com/@babel/runtime/7.18.3
      classnames: registry.npmmirror.com/classnames/2.3.1
    dev: false

  registry.npmmirror.com/rc-picker/2.6.9:
    resolution: {integrity: sha512-yH3UYXCADf7REtOAB5cwe1cyFKtB0p204RCN8JdZGG4uuSOZ1IPTkk/GJS6HOpxspZeJCLGzzajuQMDwck9dsw==, registry: http://registry.npm.taobao.org/, tarball: https://registry.npmmirror.com/rc-picker/-/rc-picker-2.6.9.tgz}
    name: rc-picker
    version: 2.6.9
    engines: {node: '>=8.x'}
    peerDependencies:
      react: '>=16.9.0'
      react-dom: '>=16.9.0'
    dependencies:
      '@babel/runtime': registry.npmmirror.com/@babel/runtime/7.18.3
      classnames: registry.npmmirror.com/classnames/2.3.1
      date-fns: registry.npmmirror.com/date-fns/2.28.0
      dayjs: registry.npmmirror.com/dayjs/1.11.2
      moment: registry.npmmirror.com/moment/2.29.3
      rc-trigger: registry.npmmirror.com/rc-trigger/5.3.1
      rc-util: registry.npmmirror.com/rc-util/5.21.5
      shallowequal: registry.npmmirror.com/shallowequal/1.1.0
    dev: false

  registry.npmmirror.com/rc-progress/3.2.4:
    resolution: {integrity: sha512-M9WWutRaoVkPUPIrTpRIDpX0SPSrVHzxHdCRCbeoBFrd9UFWTYNWRlHsruJM5FH1AZI+BwB4wOJUNNylg/uFSw==, registry: http://registry.npm.taobao.org/, tarball: https://registry.npmmirror.com/rc-progress/-/rc-progress-3.2.4.tgz}
    name: rc-progress
    version: 3.2.4
    peerDependencies:
      react: '>=16.9.0'
      react-dom: '>=16.9.0'
    dependencies:
      '@babel/runtime': registry.npmmirror.com/@babel/runtime/7.18.3
      classnames: registry.npmmirror.com/classnames/2.3.1
      rc-util: registry.npmmirror.com/rc-util/5.21.5
    dev: false

  registry.npmmirror.com/rc-rate/2.9.2:
    resolution: {integrity: sha512-SaiZFyN8pe0Fgphv8t3+kidlej+cq/EALkAJAc3A0w0XcPaH2L1aggM8bhe1u6GAGuQNAoFvTLjw4qLPGRKV5g==, registry: http://registry.npm.taobao.org/, tarball: https://registry.npmmirror.com/rc-rate/-/rc-rate-2.9.2.tgz}
    name: rc-rate
    version: 2.9.2
    engines: {node: '>=8.x'}
    peerDependencies:
      react: '>=16.9.0'
      react-dom: '>=16.9.0'
    dependencies:
      '@babel/runtime': registry.npmmirror.com/@babel/runtime/7.18.3
      classnames: registry.npmmirror.com/classnames/2.3.1
      rc-util: registry.npmmirror.com/rc-util/5.21.5
    dev: false

  registry.npmmirror.com/rc-resize-observer/1.2.0:
    resolution: {integrity: sha512-6W+UzT3PyDM0wVCEHfoW3qTHPTvbdSgiA43buiy8PzmeMnfgnDeb9NjdimMXMl3/TcrvvWl5RRVdp+NqcR47pQ==, registry: http://registry.npm.taobao.org/, tarball: https://registry.npmmirror.com/rc-resize-observer/-/rc-resize-observer-1.2.0.tgz}
    name: rc-resize-observer
    version: 1.2.0
    peerDependencies:
      react: '>=16.9.0'
      react-dom: '>=16.9.0'
    dependencies:
      '@babel/runtime': registry.npmmirror.com/@babel/runtime/7.18.3
      classnames: registry.npmmirror.com/classnames/2.3.1
      rc-util: registry.npmmirror.com/rc-util/5.21.5
      resize-observer-polyfill: registry.npmmirror.com/resize-observer-polyfill/1.5.1
    dev: false

  registry.npmmirror.com/rc-segmented/2.1.0:
    resolution: {integrity: sha512-hUlonro+pYoZcwrH6Vm56B2ftLfQh046hrwif/VwLIw1j3zGt52p5mREBwmeVzXnSwgnagpOpfafspzs1asjGw==, registry: http://registry.npm.taobao.org/, tarball: https://registry.npmmirror.com/rc-segmented/-/rc-segmented-2.1.0.tgz}
    name: rc-segmented
    version: 2.1.0
    peerDependencies:
      react: '>=16.0.0'
      react-dom: '>=16.0.0'
    dependencies:
      '@babel/runtime': registry.npmmirror.com/@babel/runtime/7.18.3
      classnames: registry.npmmirror.com/classnames/2.3.1
      rc-motion: registry.npmmirror.com/rc-motion/2.6.0
      rc-util: registry.npmmirror.com/rc-util/5.21.5
    dev: false

  registry.npmmirror.com/rc-select/14.1.4:
    resolution: {integrity: sha512-vU2DlROjv33nbYxcPrT/3yk1m53qsxVXhLv1u9lD7H2G5XkUR1p75KMiHU/5l/1VSw9I2IfMsFJoHkpUGNAkdQ==, registry: http://registry.npm.taobao.org/, tarball: https://registry.npmmirror.com/rc-select/-/rc-select-14.1.4.tgz}
    name: rc-select
    version: 14.1.4
    engines: {node: '>=8.x'}
    peerDependencies:
      react: '*'
      react-dom: '*'
    dependencies:
      '@babel/runtime': registry.npmmirror.com/@babel/runtime/7.18.3
      classnames: registry.npmmirror.com/classnames/2.3.1
      rc-motion: registry.npmmirror.com/rc-motion/2.6.0
      rc-overflow: registry.npmmirror.com/rc-overflow/1.2.6
      rc-trigger: registry.npmmirror.com/rc-trigger/5.3.1
      rc-util: registry.npmmirror.com/rc-util/5.21.5
      rc-virtual-list: registry.npmmirror.com/rc-virtual-list/3.4.8
    dev: false

  registry.npmmirror.com/rc-slider/10.0.0:
    resolution: {integrity: sha512-Bk54UIKWW4wyhHcL8ehAxt+wX+n69dscnHTX6Uv0FMxSke/TGrlkZz1LSIWblCpfE2zr/dwR2Ca8nZGk3U+Tbg==, registry: http://registry.npm.taobao.org/, tarball: https://registry.npmmirror.com/rc-slider/-/rc-slider-10.0.0.tgz}
    name: rc-slider
    version: 10.0.0
    engines: {node: '>=8.x'}
    peerDependencies:
      react: '>=16.9.0'
      react-dom: '>=16.9.0'
    dependencies:
      '@babel/runtime': registry.npmmirror.com/@babel/runtime/7.18.3
      classnames: registry.npmmirror.com/classnames/2.3.1
      rc-tooltip: registry.npmmirror.com/rc-tooltip/5.1.1
      rc-util: registry.npmmirror.com/rc-util/5.21.5
      shallowequal: registry.npmmirror.com/shallowequal/1.1.0
    dev: false

  registry.npmmirror.com/rc-steps/4.1.4:
    resolution: {integrity: sha512-qoCqKZWSpkh/b03ASGx1WhpKnuZcRWmvuW+ZUu4mvMdfvFzVxblTwUM+9aBd0mlEUFmt6GW8FXhMpHkK3Uzp3w==, registry: http://registry.npm.taobao.org/, tarball: https://registry.npmmirror.com/rc-steps/-/rc-steps-4.1.4.tgz}
    name: rc-steps
    version: 4.1.4
    engines: {node: '>=8.x'}
    peerDependencies:
      react: '>=16.9.0'
      react-dom: '>=16.9.0'
    dependencies:
      '@babel/runtime': registry.npmmirror.com/@babel/runtime/7.18.3
      classnames: registry.npmmirror.com/classnames/2.3.1
      rc-util: registry.npmmirror.com/rc-util/5.21.5
    dev: false

  registry.npmmirror.com/rc-switch/3.2.2:
    resolution: {integrity: sha512-+gUJClsZZzvAHGy1vZfnwySxj+MjLlGRyXKXScrtCTcmiYNPzxDFOxdQ/3pK1Kt/0POvwJ/6ALOR8gwdXGhs+A==, registry: http://registry.npm.taobao.org/, tarball: https://registry.npmmirror.com/rc-switch/-/rc-switch-3.2.2.tgz}
    name: rc-switch
    version: 3.2.2
    peerDependencies:
      react: '>=16.9.0'
      react-dom: '>=16.9.0'
    dependencies:
      '@babel/runtime': registry.npmmirror.com/@babel/runtime/7.18.3
      classnames: registry.npmmirror.com/classnames/2.3.1
      rc-util: registry.npmmirror.com/rc-util/5.21.5
    dev: false

  registry.npmmirror.com/rc-table/7.24.2:
    resolution: {integrity: sha512-yefqhtc4V3BeWG2bnDhWYxWX1MOckvW2KU1J55pntZmIGrov5Hx8tQn2gcs6OM0fJ6NgEwUvVEknsCsWI24zUg==, registry: http://registry.npm.taobao.org/, tarball: https://registry.npmmirror.com/rc-table/-/rc-table-7.24.2.tgz}
    name: rc-table
    version: 7.24.2
    engines: {node: '>=8.x'}
    peerDependencies:
      react: '>=16.9.0'
      react-dom: '>=16.9.0'
    dependencies:
      '@babel/runtime': registry.npmmirror.com/@babel/runtime/7.18.3
      classnames: registry.npmmirror.com/classnames/2.3.1
      rc-resize-observer: registry.npmmirror.com/rc-resize-observer/1.2.0
      rc-util: registry.npmmirror.com/rc-util/5.21.5
      shallowequal: registry.npmmirror.com/shallowequal/1.1.0
    dev: false

  registry.npmmirror.com/rc-tabs/11.13.0:
    resolution: {integrity: sha512-aUw1Pq0B1a2zGX4o/m3yrQycZcCLgDp6gKwn8IAU07q148RRONsVGxi0oLVVe5SE51kOB+j0bk1RX43ZBdZNgA==, registry: http://registry.npm.taobao.org/, tarball: https://registry.npmmirror.com/rc-tabs/-/rc-tabs-11.13.0.tgz}
    name: rc-tabs
    version: 11.13.0
    engines: {node: '>=8.x'}
    peerDependencies:
      react: '>=16.9.0'
      react-dom: '>=16.9.0'
    dependencies:
      '@babel/runtime': registry.npmmirror.com/@babel/runtime/7.18.3
      classnames: registry.npmmirror.com/classnames/2.3.1
      rc-dropdown: registry.npmmirror.com/rc-dropdown/3.5.2
      rc-menu: registry.npmmirror.com/rc-menu/9.5.5
      rc-resize-observer: registry.npmmirror.com/rc-resize-observer/1.2.0
      rc-util: registry.npmmirror.com/rc-util/5.21.5
    dev: false

  registry.npmmirror.com/rc-textarea/0.3.7:
    resolution: {integrity: sha512-yCdZ6binKmAQB13hc/oehh0E/QRwoPP1pjF21aHBxlgXO3RzPF6dUu4LG2R4FZ1zx/fQd2L1faktulrXOM/2rw==, registry: http://registry.npm.taobao.org/, tarball: https://registry.npmmirror.com/rc-textarea/-/rc-textarea-0.3.7.tgz}
    name: rc-textarea
    version: 0.3.7
    peerDependencies:
      react: '>=16.9.0'
      react-dom: '>=16.9.0'
    dependencies:
      '@babel/runtime': registry.npmmirror.com/@babel/runtime/7.18.3
      classnames: registry.npmmirror.com/classnames/2.3.1
      rc-resize-observer: registry.npmmirror.com/rc-resize-observer/1.2.0
      rc-util: registry.npmmirror.com/rc-util/5.21.5
      shallowequal: registry.npmmirror.com/shallowequal/1.1.0
    dev: false

  registry.npmmirror.com/rc-tooltip/5.1.1:
    resolution: {integrity: sha512-alt8eGMJulio6+4/uDm7nvV+rJq9bsfxFDCI0ljPdbuoygUscbsMYb6EQgwib/uqsXQUvzk+S7A59uYHmEgmDA==, registry: http://registry.npm.taobao.org/, tarball: https://registry.npmmirror.com/rc-tooltip/-/rc-tooltip-5.1.1.tgz}
    name: rc-tooltip
    version: 5.1.1
    peerDependencies:
      react: '>=16.9.0'
      react-dom: '>=16.9.0'
    dependencies:
      '@babel/runtime': registry.npmmirror.com/@babel/runtime/7.18.3
      rc-trigger: registry.npmmirror.com/rc-trigger/5.3.1
    dev: false

  registry.npmmirror.com/rc-tree-select/5.3.0:
    resolution: {integrity: sha512-UN6CUBulmch+CsihnJ73+DtWijEB1hVTC8sdVxq6E0teVAkHQZUvDj+cwZShtShAKvWwXy73PZ1hIHEUrmVcKw==, registry: http://registry.npm.taobao.org/, tarball: https://registry.npmmirror.com/rc-tree-select/-/rc-tree-select-5.3.0.tgz}
    name: rc-tree-select
    version: 5.3.0
    peerDependencies:
      react: '*'
      react-dom: '*'
    dependencies:
      '@babel/runtime': registry.npmmirror.com/@babel/runtime/7.18.3
      classnames: registry.npmmirror.com/classnames/2.3.1
      rc-select: registry.npmmirror.com/rc-select/14.1.4
      rc-tree: registry.npmmirror.com/rc-tree/5.5.0
      rc-util: registry.npmmirror.com/rc-util/5.21.5
    dev: false

  registry.npmmirror.com/rc-tree/5.5.0:
    resolution: {integrity: sha512-vpKeFsDyj7weik8UPseCTaSNAPt939qn1dQd8goSbRDajbjJEja0v/WFXyRhOiF1HLemNTfqMz4MYc9qlqyNXg==, registry: http://registry.npm.taobao.org/, tarball: https://registry.npmmirror.com/rc-tree/-/rc-tree-5.5.0.tgz}
    name: rc-tree
    version: 5.5.0
    engines: {node: '>=10.x'}
    peerDependencies:
      react: '*'
      react-dom: '*'
    dependencies:
      '@babel/runtime': registry.npmmirror.com/@babel/runtime/7.18.3
      classnames: registry.npmmirror.com/classnames/2.3.1
      rc-motion: registry.npmmirror.com/rc-motion/2.6.0
      rc-util: registry.npmmirror.com/rc-util/5.21.5
      rc-virtual-list: registry.npmmirror.com/rc-virtual-list/3.4.8
    dev: false

  registry.npmmirror.com/rc-trigger/5.3.1:
    resolution: {integrity: sha512-5gaFbDkYSefZ14j2AdzucXzlWgU2ri5uEjkHvsf1ynRhdJbKxNOnw4PBZ9+FVULNGFiDzzlVF8RJnR9P/xrnKQ==, registry: http://registry.npm.taobao.org/, tarball: https://registry.npmmirror.com/rc-trigger/-/rc-trigger-5.3.1.tgz}
    name: rc-trigger
    version: 5.3.1
    engines: {node: '>=8.x'}
    peerDependencies:
      react: '>=16.9.0'
      react-dom: '>=16.9.0'
    dependencies:
      '@babel/runtime': registry.npmmirror.com/@babel/runtime/7.18.3
      classnames: registry.npmmirror.com/classnames/2.3.1
      rc-align: registry.npmmirror.com/rc-align/4.0.12
      rc-motion: registry.npmmirror.com/rc-motion/2.6.0
      rc-util: registry.npmmirror.com/rc-util/5.21.5
    dev: false

  registry.npmmirror.com/rc-upload/4.3.4:
    resolution: {integrity: sha512-uVbtHFGNjHG/RyAfm9fluXB6pvArAGyAx8z7XzXXyorEgVIWj6mOlriuDm0XowDHYz4ycNK0nE0oP3cbFnzxiQ==, registry: http://registry.npm.taobao.org/, tarball: https://registry.npmmirror.com/rc-upload/-/rc-upload-4.3.4.tgz}
    name: rc-upload
    version: 4.3.4
    peerDependencies:
      react: '>=16.9.0'
      react-dom: '>=16.9.0'
    dependencies:
      '@babel/runtime': registry.npmmirror.com/@babel/runtime/7.18.3
      classnames: registry.npmmirror.com/classnames/2.3.1
      rc-util: registry.npmmirror.com/rc-util/5.21.5
    dev: false

  registry.npmmirror.com/rc-util/5.21.5:
    resolution: {integrity: sha512-ip7HqX37Cy/RDl9MlrFp+FbcKnsWZ22sF5MS5eSpYLtg5MpC0TMqGb5ukBatoOhgjnLL+eJGR6e7YAJ/dhK09A==, registry: http://registry.npm.taobao.org/, tarball: https://registry.npmmirror.com/rc-util/-/rc-util-5.21.5.tgz}
    name: rc-util
    version: 5.21.5
    peerDependencies:
      react: '>=16.9.0'
      react-dom: '>=16.9.0'
    dependencies:
      '@babel/runtime': registry.npmmirror.com/@babel/runtime/7.18.3
      react-is: registry.npmmirror.com/react-is/16.13.1
      shallowequal: registry.npmmirror.com/shallowequal/1.1.0
    dev: false

  registry.npmmirror.com/rc-virtual-list/3.4.8:
    resolution: {integrity: sha512-qSN+Rv4i/E7RCTvTMr1uZo7f3crJJg/5DekoCagydo9zsXrxj07zsFSxqizqW+ldGA16lwa8So/bIbV9Ofjddg==, registry: http://registry.npm.taobao.org/, tarball: https://registry.npmmirror.com/rc-virtual-list/-/rc-virtual-list-3.4.8.tgz}
    name: rc-virtual-list
    version: 3.4.8
    engines: {node: '>=8.x'}
    peerDependencies:
      react: '*'
      react-dom: '*'
    dependencies:
      classnames: registry.npmmirror.com/classnames/2.3.1
      rc-resize-observer: registry.npmmirror.com/rc-resize-observer/1.2.0
      rc-util: registry.npmmirror.com/rc-util/5.21.5
    dev: false

  registry.npmmirror.com/react-is/16.13.1:
    resolution: {integrity: sha512-24e6ynE2H+OKt4kqsOvNd8kBpV65zoxbA4BVsEOB3ARVWQki/DHzaUoC5KuON/BiccDaCCTZBuOcfZs70kR8bQ==, registry: http://registry.npm.taobao.org/, tarball: https://registry.npmmirror.com/react-is/-/react-is-16.13.1.tgz}
    name: react-is
    version: 16.13.1
    dev: false

  registry.npmmirror.com/regenerator-runtime/0.13.9:
    resolution: {integrity: sha512-p3VT+cOEgxFsRRA9X4lkI1E+k2/CtnKtU4gcxyaCUreilL/vqI6CdZ3wxVUx3UOUg+gnUOQQcRI7BmSI656MYA==, registry: http://registry.npm.taobao.org/, tarball: https://registry.npmmirror.com/regenerator-runtime/-/regenerator-runtime-0.13.9.tgz}
    name: regenerator-runtime
    version: 0.13.9
    dev: false

  registry.npmmirror.com/resize-observer-polyfill/1.5.1:
    resolution: {integrity: sha512-LwZrotdHOo12nQuZlHEmtuXdqGoOD0OhaxopaNFxWzInpEgaLWoVuAMbTzixuosCx2nEG58ngzW3vxdWoxIgdg==, registry: http://registry.npm.taobao.org/, tarball: https://registry.npmmirror.com/resize-observer-polyfill/-/resize-observer-polyfill-1.5.1.tgz}
    name: resize-observer-polyfill
    version: 1.5.1
    dev: false

  registry.npmmirror.com/scroll-into-view-if-needed/2.2.29:
    resolution: {integrity: sha512-hxpAR6AN+Gh53AdAimHM6C8oTN1ppwVZITihix+WqalywBeFcQ6LdQP5ABNl26nX8GTEL7VT+b8lKpdqq65wXg==, registry: http://registry.npm.taobao.org/, tarball: https://registry.npmmirror.com/scroll-into-view-if-needed/-/scroll-into-view-if-needed-2.2.29.tgz}
    name: scroll-into-view-if-needed
    version: 2.2.29
    dependencies:
      compute-scroll-into-view: registry.npmmirror.com/compute-scroll-into-view/1.0.17
    dev: false

  registry.npmmirror.com/shallowequal/1.1.0:
    resolution: {integrity: sha512-y0m1JoUZSlPAjXVtPPW70aZWfIL/dSP7AFkRnniLCrK/8MDKog3TySTBmckD+RObVxH0v4Tox67+F14PdED2oQ==, registry: http://registry.npm.taobao.org/, tarball: https://registry.npmmirror.com/shallowequal/-/shallowequal-1.1.0.tgz}
    name: shallowequal
    version: 1.1.0
    dev: false

  registry.npmmirror.com/string-convert/0.2.1:
    resolution: {integrity: sha512-u/1tdPl4yQnPBjnVrmdLo9gtuLvELKsAoRapekWggdiQNvvvum+jYF329d84NAa660KQw7pB2n36KrIKVoXa3A==, registry: http://registry.npm.taobao.org/, tarball: https://registry.npmmirror.com/string-convert/-/string-convert-0.2.1.tgz}
    name: string-convert
    version: 0.2.1
    dev: false

  registry.npmmirror.com/supports-color/7.2.0:
    resolution: {integrity: sha512-qpCAvRl9stuOHveKsn7HncJRvv501qIacKzQlO/+Lwxc9+0q2wLyv4Dfvt80/DPn2pqOBsJdDiogXGR9+OvwRw==, registry: http://registry.npm.taobao.org/, tarball: https://registry.npmmirror.com/supports-color/-/supports-color-7.2.0.tgz}
    name: supports-color
    version: 7.2.0
    engines: {node: '>=8'}
    dependencies:
      has-flag: registry.npmmirror.com/has-flag/4.0.0
    dev: false

  registry.npmmirror.com/toggle-selection/1.0.6:
    resolution: {integrity: sha512-BiZS+C1OS8g/q2RRbJmy59xpyghNBqrr6k5L/uKBGRsTfxmu3ffiRnd8mlGPUVayg8pvfi5urfnu8TU7DVOkLQ==, registry: http://registry.npm.taobao.org/, tarball: https://registry.npmmirror.com/toggle-selection/-/toggle-selection-1.0.6.tgz}
    name: toggle-selection
    version: 1.0.6
    dev: false

  registry.npmmirror.com/universalify/2.0.0:
    resolution: {integrity: sha512-hAZsKq7Yy11Zu1DE0OzWjw7nnLZmJZYTDZZyEFHZdUhV8FkH5MCfoU1XMaxXovpyW5nq5scPqq0ZDP9Zyl04oQ==, registry: http://registry.npm.taobao.org/, tarball: https://registry.npmmirror.com/universalify/-/universalify-2.0.0.tgz}
    name: universalify
    version: 2.0.0
    engines: {node: '>= 10.0.0'}
    dev: false
